// !$*UTF8*$!
{
	archiveVersion = 1;
	classes = {
	};
	objectVersion = 56;
	objects = {

/* Begin PBXBuildFile section */
		52E746E22C19F9B4004D1AE3 /* TeamCustomCell.swift in Sources */ = {isa = PBXBuildFile; fileRef = 52E746E12C19F9B4004D1AE3 /* TeamCustomCell.swift */; };
		52E746E42C19F9E7004D1AE3 /* TeamImageCollectionCell.swift in Sources */ = {isa = PBXBuildFile; fileRef = 52E746E32C19F9E7004D1AE3 /* TeamImageCollectionCell.swift */; };
		FB1427042C17959400D94901 /* CodexVC.swift in Sources */ = {isa = PBXBuildFile; fileRef = FB1427032C17959400D94901 /* CodexVC.swift */; };
		FB1427062C17978100D94901 /* PhilosophyVC.swift in Sources */ = {isa = PBXBuildFile; fileRef = FB1427052C17978100D94901 /* PhilosophyVC.swift */; };
		FB1427082C179F1100D94901 /* Codex.pdf in Resources */ = {isa = PBXBuildFile; fileRef = FB1427072C179F1100D94901 /* Codex.pdf */; };
		FB14270B2C185D7A00D94901 /* FSCalendar in Frameworks */ = {isa = PBXBuildFile; productRef = FB14270A2C185D7A00D94901 /* FSCalendar */; };
		FB14270D2C18644B00D94901 /* CalendarCell.swift in Sources */ = {isa = PBXBuildFile; fileRef = FB14270C2C18644B00D94901 /* CalendarCell.swift */; };
		FB703B622C11BB7D00AB19CC /* TabBarController.swift in Sources */ = {isa = PBXBuildFile; fileRef = FB703B612C11BB7D00AB19CC /* TabBarController.swift */; };
		FB703B642C11BD2800AB19CC /* Extensions.swift in Sources */ = {isa = PBXBuildFile; fileRef = FB703B632C11BD2800AB19CC /* Extensions.swift */; };
		FB9BACD42C11F5F900D8E2B7 /* Vibration.swift in Sources */ = {isa = PBXBuildFile; fileRef = FB9BACD32C11F5F900D8E2B7 /* Vibration.swift */; };
		FB9BACD62C12723600D8E2B7 /* UIComponents.swift in Sources */ = {isa = PBXBuildFile; fileRef = FB9BACD52C12723600D8E2B7 /* UIComponents.swift */; };
		FBAD34122C11255B0014DE84 /* CalendarVC.swift in Sources */ = {isa = PBXBuildFile; fileRef = FBAD34112C11255B0014DE84 /* CalendarVC.swift */; };
		FBAD34142C11256B0014DE84 /* CalendarPresenter.swift in Sources */ = {isa = PBXBuildFile; fileRef = FBAD34132C11256B0014DE84 /* CalendarPresenter.swift */; };
		FBAD34162C1125740014DE84 /* ClubVC.swift in Sources */ = {isa = PBXBuildFile; fileRef = FBAD34152C1125740014DE84 /* ClubVC.swift */; };
		FBAD34182C11257E0014DE84 /* ClubPresenter.swift in Sources */ = {isa = PBXBuildFile; fileRef = FBAD34172C11257E0014DE84 /* ClubPresenter.swift */; };
		FBAD341E2C11259B0014DE84 /* ShopVC.swift in Sources */ = {isa = PBXBuildFile; fileRef = FBAD341D2C11259B0014DE84 /* ShopVC.swift */; };
		FBAD34202C1125A60014DE84 /* ShopPresenter.swift in Sources */ = {isa = PBXBuildFile; fileRef = FBAD341F2C1125A60014DE84 /* ShopPresenter.swift */; };
		FBB89B862C10CC1400FBDF3B /* AppDelegate.swift in Sources */ = {isa = PBXBuildFile; fileRef = FBB89B852C10CC1400FBDF3B /* AppDelegate.swift */; };
		FBB89B882C10CC1400FBDF3B /* SceneDelegate.swift in Sources */ = {isa = PBXBuildFile; fileRef = FBB89B872C10CC1400FBDF3B /* SceneDelegate.swift */; };
		FBB89B8A2C10CC1400FBDF3B /* ScheduleVC.swift in Sources */ = {isa = PBXBuildFile; fileRef = FBB89B892C10CC1400FBDF3B /* ScheduleVC.swift */; };
		FBB89B8F2C10CC1500FBDF3B /* Assets.xcassets in Resources */ = {isa = PBXBuildFile; fileRef = FBB89B8E2C10CC1500FBDF3B /* Assets.xcassets */; };
		FBB89B922C10CC1500FBDF3B /* LaunchScreen.storyboard in Resources */ = {isa = PBXBuildFile; fileRef = FBB89B902C10CC1500FBDF3B /* LaunchScreen.storyboard */; };
		FBB89B9A2C10CD0A00FBDF3B /* SchedulePresenter.swift in Sources */ = {isa = PBXBuildFile; fileRef = FBB89B992C10CD0A00FBDF3B /* SchedulePresenter.swift */; };
		FBBC86292C1907FD00752195 /* Video.mp4 in Resources */ = {isa = PBXBuildFile; fileRef = FBBC86282C1907FD00752195 /* Video.mp4 */; };
		FBBC862B2C19080700752195 /* ScheduleModel.swift in Sources */ = {isa = PBXBuildFile; fileRef = FBBC862A2C19080700752195 /* ScheduleModel.swift */; };
		FBBC862D2C19081000752195 /* ScheduleCell.swift in Sources */ = {isa = PBXBuildFile; fileRef = FBBC862C2C19081000752195 /* ScheduleCell.swift */; };
		FBBC86302C19082200752195 /* OnboardingOne.swift in Sources */ = {isa = PBXBuildFile; fileRef = FBBC862E2C19082200752195 /* OnboardingOne.swift */; };
		FBBC86312C19082200752195 /* OnboardingPresenter.swift in Sources */ = {isa = PBXBuildFile; fileRef = FBBC862F2C19082200752195 /* OnboardingPresenter.swift */; };
		FBBC86392C19B96900752195 /* TrainerImageCollectionViewCell.swift in Sources */ = {isa = PBXBuildFile; fileRef = FBBC86342C19B96900752195 /* TrainerImageCollectionViewCell.swift */; };
		FBBC863A2C19B96900752195 /* TrainerCustomCell.swift in Sources */ = {isa = PBXBuildFile; fileRef = FBBC86352C19B96900752195 /* TrainerCustomCell.swift */; };
		FBBC863B2C19B96900752195 /* TrainerModel.swift in Sources */ = {isa = PBXBuildFile; fileRef = FBBC86362C19B96900752195 /* TrainerModel.swift */; };
		FBBC863C2C19B96900752195 /* PeoplesPresenter.swift in Sources */ = {isa = PBXBuildFile; fileRef = FBBC86372C19B96900752195 /* PeoplesPresenter.swift */; };
		FBBC863D2C19B96900752195 /* PeoplesVC.swift in Sources */ = {isa = PBXBuildFile; fileRef = FBBC86382C19B96900752195 /* PeoplesVC.swift */; };
		FBBC863F2C19C73700752195 /* ShopCell.swift in Sources */ = {isa = PBXBuildFile; fileRef = FBBC863E2C19C73700752195 /* ShopCell.swift */; };
		FBBC86412C19C94100752195 /* ProductModel.swift in Sources */ = {isa = PBXBuildFile; fileRef = FBBC86402C19C94100752195 /* ProductModel.swift */; };
/* End PBXBuildFile section */

/* Begin PBXFileReference section */
		52E746E12C19F9B4004D1AE3 /* TeamCustomCell.swift */ = {isa = PBXFileReference; lastKnownFileType = sourcecode.swift; path = TeamCustomCell.swift; sourceTree = "<group>"; };
		52E746E32C19F9E7004D1AE3 /* TeamImageCollectionCell.swift */ = {isa = PBXFileReference; lastKnownFileType = sourcecode.swift; path = TeamImageCollectionCell.swift; sourceTree = "<group>"; };
		FB1427032C17959400D94901 /* CodexVC.swift */ = {isa = PBXFileReference; lastKnownFileType = sourcecode.swift; path = CodexVC.swift; sourceTree = "<group>"; };
		FB1427052C17978100D94901 /* PhilosophyVC.swift */ = {isa = PBXFileReference; lastKnownFileType = sourcecode.swift; path = PhilosophyVC.swift; sourceTree = "<group>"; };
		FB1427072C179F1100D94901 /* Codex.pdf */ = {isa = PBXFileReference; lastKnownFileType = image.pdf; path = Codex.pdf; sourceTree = "<group>"; };
		FB14270C2C18644B00D94901 /* CalendarCell.swift */ = {isa = PBXFileReference; lastKnownFileType = sourcecode.swift; path = CalendarCell.swift; sourceTree = "<group>"; };
		FB703B612C11BB7D00AB19CC /* TabBarController.swift */ = {isa = PBXFileReference; lastKnownFileType = sourcecode.swift; path = TabBarController.swift; sourceTree = "<group>"; };
		FB703B632C11BD2800AB19CC /* Extensions.swift */ = {isa = PBXFileReference; lastKnownFileType = sourcecode.swift; path = Extensions.swift; sourceTree = "<group>"; };
		FB9BACD32C11F5F900D8E2B7 /* Vibration.swift */ = {isa = PBXFileReference; lastKnownFileType = sourcecode.swift; path = Vibration.swift; sourceTree = "<group>"; };
		FB9BACD52C12723600D8E2B7 /* UIComponents.swift */ = {isa = PBXFileReference; lastKnownFileType = sourcecode.swift; path = UIComponents.swift; sourceTree = "<group>"; };
		FBAD34112C11255B0014DE84 /* CalendarVC.swift */ = {isa = PBXFileReference; lastKnownFileType = sourcecode.swift; path = CalendarVC.swift; sourceTree = "<group>"; };
		FBAD34132C11256B0014DE84 /* CalendarPresenter.swift */ = {isa = PBXFileReference; lastKnownFileType = sourcecode.swift; path = CalendarPresenter.swift; sourceTree = "<group>"; };
		FBAD34152C1125740014DE84 /* ClubVC.swift */ = {isa = PBXFileReference; lastKnownFileType = sourcecode.swift; path = ClubVC.swift; sourceTree = "<group>"; };
		FBAD34172C11257E0014DE84 /* ClubPresenter.swift */ = {isa = PBXFileReference; lastKnownFileType = sourcecode.swift; path = ClubPresenter.swift; sourceTree = "<group>"; };
		FBAD341D2C11259B0014DE84 /* ShopVC.swift */ = {isa = PBXFileReference; lastKnownFileType = sourcecode.swift; path = ShopVC.swift; sourceTree = "<group>"; };
		FBAD341F2C1125A60014DE84 /* ShopPresenter.swift */ = {isa = PBXFileReference; lastKnownFileType = sourcecode.swift; path = ShopPresenter.swift; sourceTree = "<group>"; };
		FBB89B822C10CC1400FBDF3B /* Triathlon.app */ = {isa = PBXFileReference; explicitFileType = wrapper.application; includeInIndex = 0; path = Triathlon.app; sourceTree = BUILT_PRODUCTS_DIR; };
		FBB89B852C10CC1400FBDF3B /* AppDelegate.swift */ = {isa = PBXFileReference; lastKnownFileType = sourcecode.swift; path = AppDelegate.swift; sourceTree = "<group>"; };
		FBB89B872C10CC1400FBDF3B /* SceneDelegate.swift */ = {isa = PBXFileReference; lastKnownFileType = sourcecode.swift; path = SceneDelegate.swift; sourceTree = "<group>"; };
		FBB89B892C10CC1400FBDF3B /* ScheduleVC.swift */ = {isa = PBXFileReference; lastKnownFileType = sourcecode.swift; path = ScheduleVC.swift; sourceTree = "<group>"; };
		FBB89B8E2C10CC1500FBDF3B /* Assets.xcassets */ = {isa = PBXFileReference; lastKnownFileType = folder.assetcatalog; path = Assets.xcassets; sourceTree = "<group>"; };
		FBB89B912C10CC1500FBDF3B /* Base */ = {isa = PBXFileReference; lastKnownFileType = file.storyboard; name = Base; path = Base.lproj/LaunchScreen.storyboard; sourceTree = "<group>"; };
		FBB89B932C10CC1500FBDF3B /* Info.plist */ = {isa = PBXFileReference; lastKnownFileType = text.plist.xml; path = Info.plist; sourceTree = "<group>"; };
		FBB89B992C10CD0A00FBDF3B /* SchedulePresenter.swift */ = {isa = PBXFileReference; lastKnownFileType = sourcecode.swift; path = SchedulePresenter.swift; sourceTree = "<group>"; };
		FBBC86282C1907FD00752195 /* Video.mp4 */ = {isa = PBXFileReference; lastKnownFileType = file; path = Video.mp4; sourceTree = "<group>"; };
		FBBC862A2C19080700752195 /* ScheduleModel.swift */ = {isa = PBXFileReference; fileEncoding = 4; lastKnownFileType = sourcecode.swift; path = ScheduleModel.swift; sourceTree = "<group>"; };
		FBBC862C2C19081000752195 /* ScheduleCell.swift */ = {isa = PBXFileReference; fileEncoding = 4; lastKnownFileType = sourcecode.swift; path = ScheduleCell.swift; sourceTree = "<group>"; };
		FBBC862E2C19082200752195 /* OnboardingOne.swift */ = {isa = PBXFileReference; fileEncoding = 4; lastKnownFileType = sourcecode.swift; path = OnboardingOne.swift; sourceTree = "<group>"; };
		FBBC862F2C19082200752195 /* OnboardingPresenter.swift */ = {isa = PBXFileReference; fileEncoding = 4; lastKnownFileType = sourcecode.swift; path = OnboardingPresenter.swift; sourceTree = "<group>"; };
		FBBC86342C19B96900752195 /* TrainerImageCollectionViewCell.swift */ = {isa = PBXFileReference; fileEncoding = 4; lastKnownFileType = sourcecode.swift; path = TrainerImageCollectionViewCell.swift; sourceTree = "<group>"; };
		FBBC86352C19B96900752195 /* TrainerCustomCell.swift */ = {isa = PBXFileReference; fileEncoding = 4; lastKnownFileType = sourcecode.swift; path = TrainerCustomCell.swift; sourceTree = "<group>"; };
		FBBC86362C19B96900752195 /* TrainerModel.swift */ = {isa = PBXFileReference; fileEncoding = 4; lastKnownFileType = sourcecode.swift; path = TrainerModel.swift; sourceTree = "<group>"; };
		FBBC86372C19B96900752195 /* PeoplesPresenter.swift */ = {isa = PBXFileReference; fileEncoding = 4; lastKnownFileType = sourcecode.swift; path = PeoplesPresenter.swift; sourceTree = "<group>"; };
		FBBC86382C19B96900752195 /* PeoplesVC.swift */ = {isa = PBXFileReference; fileEncoding = 4; lastKnownFileType = sourcecode.swift; path = PeoplesVC.swift; sourceTree = "<group>"; };
		FBBC863E2C19C73700752195 /* ShopCell.swift */ = {isa = PBXFileReference; lastKnownFileType = sourcecode.swift; path = ShopCell.swift; sourceTree = "<group>"; };
		FBBC86402C19C94100752195 /* ProductModel.swift */ = {isa = PBXFileReference; lastKnownFileType = sourcecode.swift; path = ProductModel.swift; sourceTree = "<group>"; };
/* End PBXFileReference section */

/* Begin PBXFrameworksBuildPhase section */
		FBB89B7F2C10CC1400FBDF3B /* Frameworks */ = {
			isa = PBXFrameworksBuildPhase;
			buildActionMask = 2147483647;
			files = (
				FB14270B2C185D7A00D94901 /* FSCalendar in Frameworks */,
			);
			runOnlyForDeploymentPostprocessing = 0;
		};
/* End PBXFrameworksBuildPhase section */

/* Begin PBXGroup section */
		FB703B602C11BB6B00AB19CC /* Tab Bar */ = {
			isa = PBXGroup;
			children = (
				FB703B612C11BB7D00AB19CC /* TabBarController.swift */,
			);
			path = "Tab Bar";
			sourceTree = "<group>";
		};
		FBAD340C2C1120760014DE84 /* Schedule */ = {
			isa = PBXGroup;
			children = (
				FBB89B892C10CC1400FBDF3B /* ScheduleVC.swift */,
				FBBC862A2C19080700752195 /* ScheduleModel.swift */,
				FBBC862C2C19081000752195 /* ScheduleCell.swift */,
				FBB89B992C10CD0A00FBDF3B /* SchedulePresenter.swift */,
			);
			path = Schedule;
			sourceTree = "<group>";
		};
		FBAD340D2C1125340014DE84 /* Calendar */ = {
			isa = PBXGroup;
			children = (
				FBAD34112C11255B0014DE84 /* CalendarVC.swift */,
				FBAD34132C11256B0014DE84 /* CalendarPresenter.swift */,
				FB14270C2C18644B00D94901 /* CalendarCell.swift */,
			);
			path = Calendar;
			sourceTree = "<group>";
		};
		FBAD340E2C11253F0014DE84 /* Club */ = {
			isa = PBXGroup;
			children = (
				FBAD34152C1125740014DE84 /* ClubVC.swift */,
				FBAD34172C11257E0014DE84 /* ClubPresenter.swift */,
				FB1427032C17959400D94901 /* CodexVC.swift */,
				FB1427052C17978100D94901 /* PhilosophyVC.swift */,
			);
			path = Club;
			sourceTree = "<group>";
		};
		FBAD340F2C1125450014DE84 /* Peoples */ = {
			isa = PBXGroup;
			children = (
				FBBC86372C19B96900752195 /* PeoplesPresenter.swift */,
				FBBC86382C19B96900752195 /* PeoplesVC.swift */,
				FBBC86352C19B96900752195 /* TrainerCustomCell.swift */,
				FBBC86342C19B96900752195 /* TrainerImageCollectionViewCell.swift */,
				FBBC86362C19B96900752195 /* TrainerModel.swift */,
				52E746E12C19F9B4004D1AE3 /* TeamCustomCell.swift */,
				52E746E32C19F9E7004D1AE3 /* TeamImageCollectionCell.swift */,
			);
			path = Peoples;
			sourceTree = "<group>";
		};
		FBAD34102C11254B0014DE84 /* Shop */ = {
			isa = PBXGroup;
			children = (
				FBAD341D2C11259B0014DE84 /* ShopVC.swift */,
				FBAD341F2C1125A60014DE84 /* ShopPresenter.swift */,
				FBBC863E2C19C73700752195 /* ShopCell.swift */,
				FBBC86402C19C94100752195 /* ProductModel.swift */,
			);
			path = Shop;
			sourceTree = "<group>";
		};
		FBB89B792C10CC1400FBDF3B = {
			isa = PBXGroup;
			children = (
				FBB89B842C10CC1400FBDF3B /* Triathlon */,
				FBB89B832C10CC1400FBDF3B /* Products */,
			);
			sourceTree = "<group>";
		};
		FBB89B832C10CC1400FBDF3B /* Products */ = {
			isa = PBXGroup;
			children = (
				FBB89B822C10CC1400FBDF3B /* Triathlon.app */,
			);
			name = Products;
			sourceTree = "<group>";
		};
		FBB89B842C10CC1400FBDF3B /* Triathlon */ = {
			isa = PBXGroup;
			children = (
				FBB89B9B2C10CE8E00FBDF3B /* Delegates */,
				FB703B602C11BB6B00AB19CC /* Tab Bar */,
				FBB89B9D2C10CEAF00FBDF3B /* VC */,
				FBB89B9C2C10CE9F00FBDF3B /* UI */,
				FBB89B932C10CC1500FBDF3B /* Info.plist */,
			);
			path = Triathlon;
			sourceTree = "<group>";
		};
		FBB89B9B2C10CE8E00FBDF3B /* Delegates */ = {
			isa = PBXGroup;
			children = (
				FBB89B852C10CC1400FBDF3B /* AppDelegate.swift */,
				FBB89B872C10CC1400FBDF3B /* SceneDelegate.swift */,
			);
			path = Delegates;
			sourceTree = "<group>";
		};
		FBB89B9C2C10CE9F00FBDF3B /* UI */ = {
			isa = PBXGroup;
			children = (
				FBBC86282C1907FD00752195 /* Video.mp4 */,
				FBB89B902C10CC1500FBDF3B /* LaunchScreen.storyboard */,
				FBB89B8E2C10CC1500FBDF3B /* Assets.xcassets */,
				FB703B632C11BD2800AB19CC /* Extensions.swift */,
				FB9BACD32C11F5F900D8E2B7 /* Vibration.swift */,
				FB9BACD52C12723600D8E2B7 /* UIComponents.swift */,
				FB1427072C179F1100D94901 /* Codex.pdf */,
			);
			path = UI;
			sourceTree = "<group>";
		};
		FBB89B9D2C10CEAF00FBDF3B /* VC */ = {
			isa = PBXGroup;
			children = (
				FBBC861B2C18B0D100752195 /* Onboarding */,
				FBAD340E2C11253F0014DE84 /* Club */,
				FBAD340F2C1125450014DE84 /* Peoples */,
				FBAD340D2C1125340014DE84 /* Calendar */,
				FBAD340C2C1120760014DE84 /* Schedule */,
				FBAD34102C11254B0014DE84 /* Shop */,
			);
			path = VC;
			sourceTree = "<group>";
		};
		FBBC861B2C18B0D100752195 /* Onboarding */ = {
			isa = PBXGroup;
			children = (
				FBBC862E2C19082200752195 /* OnboardingOne.swift */,
				FBBC862F2C19082200752195 /* OnboardingPresenter.swift */,
			);
			path = Onboarding;
			sourceTree = "<group>";
		};
/* End PBXGroup section */

/* Begin PBXNativeTarget section */
		FBB89B812C10CC1400FBDF3B /* Triathlon */ = {
			isa = PBXNativeTarget;
			buildConfigurationList = FBB89B962C10CC1500FBDF3B /* Build configuration list for PBXNativeTarget "Triathlon" */;
			buildPhases = (
				FBB89B7E2C10CC1400FBDF3B /* Sources */,
				FBB89B7F2C10CC1400FBDF3B /* Frameworks */,
				FBB89B802C10CC1400FBDF3B /* Resources */,
			);
			buildRules = (
			);
			dependencies = (
			);
			name = Triathlon;
			packageProductDependencies = (
				FB14270A2C185D7A00D94901 /* FSCalendar */,
			);
			productName = Triathlon;
			productReference = FBB89B822C10CC1400FBDF3B /* Triathlon.app */;
			productType = "com.apple.product-type.application";
		};
/* End PBXNativeTarget section */

/* Begin PBXProject section */
		FBB89B7A2C10CC1400FBDF3B /* Project object */ = {
			isa = PBXProject;
			attributes = {
				BuildIndependentTargetsInParallel = 1;
				LastSwiftUpdateCheck = 1520;
				LastUpgradeCheck = 1520;
				TargetAttributes = {
					FBB89B812C10CC1400FBDF3B = {
						CreatedOnToolsVersion = 15.2;
					};
				};
			};
			buildConfigurationList = FBB89B7D2C10CC1400FBDF3B /* Build configuration list for PBXProject "Triathlon" */;
			compatibilityVersion = "Xcode 14.0";
			developmentRegion = en;
			hasScannedForEncodings = 0;
			knownRegions = (
				en,
				Base,
			);
			mainGroup = FBB89B792C10CC1400FBDF3B;
			packageReferences = (
				FB1427092C185D7A00D94901 /* XCRemoteSwiftPackageReference "FSCalendar" */,
			);
			productRefGroup = FBB89B832C10CC1400FBDF3B /* Products */;
			projectDirPath = "";
			projectRoot = "";
			targets = (
				FBB89B812C10CC1400FBDF3B /* Triathlon */,
			);
		};
/* End PBXProject section */

/* Begin PBXResourcesBuildPhase section */
		FBB89B802C10CC1400FBDF3B /* Resources */ = {
			isa = PBXResourcesBuildPhase;
			buildActionMask = 2147483647;
			files = (
				FBB89B922C10CC1500FBDF3B /* LaunchScreen.storyboard in Resources */,
				FB1427082C179F1100D94901 /* Codex.pdf in Resources */,
				FBB89B8F2C10CC1500FBDF3B /* Assets.xcassets in Resources */,
				FBBC86292C1907FD00752195 /* Video.mp4 in Resources */,
			);
			runOnlyForDeploymentPostprocessing = 0;
		};
/* End PBXResourcesBuildPhase section */

/* Begin PBXSourcesBuildPhase section */
		FBB89B7E2C10CC1400FBDF3B /* Sources */ = {
			isa = PBXSourcesBuildPhase;
			buildActionMask = 2147483647;
			files = (
				FBAD34142C11256B0014DE84 /* CalendarPresenter.swift in Sources */,
				FBAD34122C11255B0014DE84 /* CalendarVC.swift in Sources */,
				FBB89B8A2C10CC1400FBDF3B /* ScheduleVC.swift in Sources */,
				FBBC863B2C19B96900752195 /* TrainerModel.swift in Sources */,
				FBAD34162C1125740014DE84 /* ClubVC.swift in Sources */,
				FBBC863D2C19B96900752195 /* PeoplesVC.swift in Sources */,
				FBBC863C2C19B96900752195 /* PeoplesPresenter.swift in Sources */,
				FBAD34182C11257E0014DE84 /* ClubPresenter.swift in Sources */,
				FBAD341E2C11259B0014DE84 /* ShopVC.swift in Sources */,
				FBB89B862C10CC1400FBDF3B /* AppDelegate.swift in Sources */,
				52E746E22C19F9B4004D1AE3 /* TeamCustomCell.swift in Sources */,
				FBAD34202C1125A60014DE84 /* ShopPresenter.swift in Sources */,
				FBBC86392C19B96900752195 /* TrainerImageCollectionViewCell.swift in Sources */,
				FBBC86302C19082200752195 /* OnboardingOne.swift in Sources */,
				FBBC863A2C19B96900752195 /* TrainerCustomCell.swift in Sources */,
				FB703B622C11BB7D00AB19CC /* TabBarController.swift in Sources */,
				FBBC862D2C19081000752195 /* ScheduleCell.swift in Sources */,
				FB14270D2C18644B00D94901 /* CalendarCell.swift in Sources */,
				FBB89B882C10CC1400FBDF3B /* SceneDelegate.swift in Sources */,
				FBBC862B2C19080700752195 /* ScheduleModel.swift in Sources */,
				FBBC86412C19C94100752195 /* ProductModel.swift in Sources */,
				FBBC863F2C19C73700752195 /* ShopCell.swift in Sources */,
				FB9BACD62C12723600D8E2B7 /* UIComponents.swift in Sources */,
				FB9BACD42C11F5F900D8E2B7 /* Vibration.swift in Sources */,
				52E746E42C19F9E7004D1AE3 /* TeamImageCollectionCell.swift in Sources */,
				FB1427062C17978100D94901 /* PhilosophyVC.swift in Sources */,
				FBB89B9A2C10CD0A00FBDF3B /* SchedulePresenter.swift in Sources */,
				FBBC86312C19082200752195 /* OnboardingPresenter.swift in Sources */,
				FB1427042C17959400D94901 /* CodexVC.swift in Sources */,
				FB703B642C11BD2800AB19CC /* Extensions.swift in Sources */,
			);
			runOnlyForDeploymentPostprocessing = 0;
		};
/* End PBXSourcesBuildPhase section */

/* Begin PBXVariantGroup section */
		FBB89B902C10CC1500FBDF3B /* LaunchScreen.storyboard */ = {
			isa = PBXVariantGroup;
			children = (
				FBB89B912C10CC1500FBDF3B /* Base */,
			);
			name = LaunchScreen.storyboard;
			sourceTree = "<group>";
		};
/* End PBXVariantGroup section */

/* Begin XCBuildConfiguration section */
		FBB89B942C10CC1500FBDF3B /* Debug */ = {
			isa = XCBuildConfiguration;
			buildSettings = {
				ALWAYS_SEARCH_USER_PATHS = NO;
				ASSETCATALOG_COMPILER_GENERATE_SWIFT_ASSET_SYMBOL_EXTENSIONS = YES;
				CLANG_ANALYZER_NONNULL = YES;
				CLANG_ANALYZER_NUMBER_OBJECT_CONVERSION = YES_AGGRESSIVE;
				CLANG_CXX_LANGUAGE_STANDARD = "gnu++20";
				CLANG_ENABLE_MODULES = YES;
				CLANG_ENABLE_OBJC_ARC = YES;
				CLANG_ENABLE_OBJC_WEAK = YES;
				CLANG_WARN_BLOCK_CAPTURE_AUTORELEASING = YES;
				CLANG_WARN_BOOL_CONVERSION = YES;
				CLANG_WARN_COMMA = YES;
				CLANG_WARN_CONSTANT_CONVERSION = YES;
				CLANG_WARN_DEPRECATED_OBJC_IMPLEMENTATIONS = YES;
				CLANG_WARN_DIRECT_OBJC_ISA_USAGE = YES_ERROR;
				CLANG_WARN_DOCUMENTATION_COMMENTS = YES;
				CLANG_WARN_EMPTY_BODY = YES;
				CLANG_WARN_ENUM_CONVERSION = YES;
				CLANG_WARN_INFINITE_RECURSION = YES;
				CLANG_WARN_INT_CONVERSION = YES;
				CLANG_WARN_NON_LITERAL_NULL_CONVERSION = YES;
				CLANG_WARN_OBJC_IMPLICIT_RETAIN_SELF = YES;
				CLANG_WARN_OBJC_LITERAL_CONVERSION = YES;
				CLANG_WARN_OBJC_ROOT_CLASS = YES_ERROR;
				CLANG_WARN_QUOTED_INCLUDE_IN_FRAMEWORK_HEADER = YES;
				CLANG_WARN_RANGE_LOOP_ANALYSIS = YES;
				CLANG_WARN_STRICT_PROTOTYPES = YES;
				CLANG_WARN_SUSPICIOUS_MOVE = YES;
				CLANG_WARN_UNGUARDED_AVAILABILITY = YES_AGGRESSIVE;
				CLANG_WARN_UNREACHABLE_CODE = YES;
				CLANG_WARN__DUPLICATE_METHOD_MATCH = YES;
				COPY_PHASE_STRIP = NO;
				DEBUG_INFORMATION_FORMAT = dwarf;
				ENABLE_STRICT_OBJC_MSGSEND = YES;
				ENABLE_TESTABILITY = YES;
				ENABLE_USER_SCRIPT_SANDBOXING = YES;
				GCC_C_LANGUAGE_STANDARD = gnu17;
				GCC_DYNAMIC_NO_PIC = NO;
				GCC_NO_COMMON_BLOCKS = YES;
				GCC_OPTIMIZATION_LEVEL = 0;
				GCC_PREPROCESSOR_DEFINITIONS = (
					"DEBUG=1",
					"$(inherited)",
				);
				GCC_WARN_64_TO_32_BIT_CONVERSION = YES;
				GCC_WARN_ABOUT_RETURN_TYPE = YES_ERROR;
				GCC_WARN_UNDECLARED_SELECTOR = YES;
				GCC_WARN_UNINITIALIZED_AUTOS = YES_AGGRESSIVE;
				GCC_WARN_UNUSED_FUNCTION = YES;
				GCC_WARN_UNUSED_VARIABLE = YES;
				IPHONEOS_DEPLOYMENT_TARGET = 17.2;
				LOCALIZATION_PREFERS_STRING_CATALOGS = YES;
				MTL_ENABLE_DEBUG_INFO = INCLUDE_SOURCE;
				MTL_FAST_MATH = YES;
				ONLY_ACTIVE_ARCH = YES;
				SDKROOT = iphoneos;
				SWIFT_ACTIVE_COMPILATION_CONDITIONS = "DEBUG $(inherited)";
				SWIFT_OPTIMIZATION_LEVEL = "-Onone";
			};
			name = Debug;
		};
		FBB89B952C10CC1500FBDF3B /* Release */ = {
			isa = XCBuildConfiguration;
			buildSettings = {
				ALWAYS_SEARCH_USER_PATHS = NO;
				ASSETCATALOG_COMPILER_GENERATE_SWIFT_ASSET_SYMBOL_EXTENSIONS = YES;
				CLANG_ANALYZER_NONNULL = YES;
				CLANG_ANALYZER_NUMBER_OBJECT_CONVERSION = YES_AGGRESSIVE;
				CLANG_CXX_LANGUAGE_STANDARD = "gnu++20";
				CLANG_ENABLE_MODULES = YES;
				CLANG_ENABLE_OBJC_ARC = YES;
				CLANG_ENABLE_OBJC_WEAK = YES;
				CLANG_WARN_BLOCK_CAPTURE_AUTORELEASING = YES;
				CLANG_WARN_BOOL_CONVERSION = YES;
				CLANG_WARN_COMMA = YES;
				CLANG_WARN_CONSTANT_CONVERSION = YES;
				CLANG_WARN_DEPRECATED_OBJC_IMPLEMENTATIONS = YES;
				CLANG_WARN_DIRECT_OBJC_ISA_USAGE = YES_ERROR;
				CLANG_WARN_DOCUMENTATION_COMMENTS = YES;
				CLANG_WARN_EMPTY_BODY = YES;
				CLANG_WARN_ENUM_CONVERSION = YES;
				CLANG_WARN_INFINITE_RECURSION = YES;
				CLANG_WARN_INT_CONVERSION = YES;
				CLANG_WARN_NON_LITERAL_NULL_CONVERSION = YES;
				CLANG_WARN_OBJC_IMPLICIT_RETAIN_SELF = YES;
				CLANG_WARN_OBJC_LITERAL_CONVERSION = YES;
				CLANG_WARN_OBJC_ROOT_CLASS = YES_ERROR;
				CLANG_WARN_QUOTED_INCLUDE_IN_FRAMEWORK_HEADER = YES;
				CLANG_WARN_RANGE_LOOP_ANALYSIS = YES;
				CLANG_WARN_STRICT_PROTOTYPES = YES;
				CLANG_WARN_SUSPICIOUS_MOVE = YES;
				CLANG_WARN_UNGUARDED_AVAILABILITY = YES_AGGRESSIVE;
				CLANG_WARN_UNREACHABLE_CODE = YES;
				CLANG_WARN__DUPLICATE_METHOD_MATCH = YES;
				COPY_PHASE_STRIP = NO;
				DEBUG_INFORMATION_FORMAT = "dwarf-with-dsym";
				ENABLE_NS_ASSERTIONS = NO;
				ENABLE_STRICT_OBJC_MSGSEND = YES;
				ENABLE_USER_SCRIPT_SANDBOXING = YES;
				GCC_C_LANGUAGE_STANDARD = gnu17;
				GCC_NO_COMMON_BLOCKS = YES;
				GCC_WARN_64_TO_32_BIT_CONVERSION = YES;
				GCC_WARN_ABOUT_RETURN_TYPE = YES_ERROR;
				GCC_WARN_UNDECLARED_SELECTOR = YES;
				GCC_WARN_UNINITIALIZED_AUTOS = YES_AGGRESSIVE;
				GCC_WARN_UNUSED_FUNCTION = YES;
				GCC_WARN_UNUSED_VARIABLE = YES;
				IPHONEOS_DEPLOYMENT_TARGET = 17.2;
				LOCALIZATION_PREFERS_STRING_CATALOGS = YES;
				MTL_ENABLE_DEBUG_INFO = NO;
				MTL_FAST_MATH = YES;
				SDKROOT = iphoneos;
				SWIFT_COMPILATION_MODE = wholemodule;
				VALIDATE_PRODUCT = YES;
			};
			name = Release;
		};
		FBB89B972C10CC1500FBDF3B /* Debug */ = {
			isa = XCBuildConfiguration;
			buildSettings = {
				ASSETCATALOG_COMPILER_APPICON_NAME = AppIcon;
				ASSETCATALOG_COMPILER_GLOBAL_ACCENT_COLOR_NAME = AccentColor;
				CODE_SIGN_STYLE = Automatic;
				CURRENT_PROJECT_VERSION = 1;
				DEVELOPMENT_TEAM = 5KKD4ZM687;
				GENERATE_INFOPLIST_FILE = YES;
				INFOPLIST_FILE = Triathlon/Info.plist;
				INFOPLIST_KEY_CFBundleDisplayName = Tristyle;
				INFOPLIST_KEY_UIApplicationSupportsIndirectInputEvents = YES;
				INFOPLIST_KEY_UILaunchStoryboardName = LaunchScreen;
				INFOPLIST_KEY_UISupportedInterfaceOrientations = UIInterfaceOrientationPortrait;
				INFOPLIST_KEY_UISupportedInterfaceOrientations_iPad = "UIInterfaceOrientationLandscapeLeft UIInterfaceOrientationLandscapeRight UIInterfaceOrientationPortrait UIInterfaceOrientationPortraitUpsideDown";
				IPHONEOS_DEPLOYMENT_TARGET = 16.0;
				LD_RUNPATH_SEARCH_PATHS = (
					"$(inherited)",
					"@executable_path/Frameworks",
				);
				MARKETING_VERSION = 1.0;
				PRODUCT_BUNDLE_IDENTIFIER = triathlon.Triathlon;
				PRODUCT_NAME = "$(TARGET_NAME)";
				SUPPORTED_PLATFORMS = "iphoneos iphonesimulator";
				SUPPORTS_MACCATALYST = NO;
				SWIFT_EMIT_LOC_STRINGS = YES;
				SWIFT_VERSION = 5.0;
				TARGETED_DEVICE_FAMILY = 1;
			};
			name = Debug;
		};
		FBB89B982C10CC1500FBDF3B /* Release */ = {
			isa = XCBuildConfiguration;
			buildSettings = {
				ASSETCATALOG_COMPILER_APPICON_NAME = AppIcon;
				ASSETCATALOG_COMPILER_GLOBAL_ACCENT_COLOR_NAME = AccentColor;
				CODE_SIGN_STYLE = Automatic;
				CURRENT_PROJECT_VERSION = 1;
				DEVELOPMENT_TEAM = 5KKD4ZM687;
				GENERATE_INFOPLIST_FILE = YES;
				INFOPLIST_FILE = Triathlon/Info.plist;
				INFOPLIST_KEY_CFBundleDisplayName = Tristyle;
				INFOPLIST_KEY_UIApplicationSupportsIndirectInputEvents = YES;
				INFOPLIST_KEY_UILaunchStoryboardName = LaunchScreen;
				INFOPLIST_KEY_UISupportedInterfaceOrientations = UIInterfaceOrientationPortrait;
				INFOPLIST_KEY_UISupportedInterfaceOrientations_iPad = "UIInterfaceOrientationLandscapeLeft UIInterfaceOrientationLandscapeRight UIInterfaceOrientationPortrait UIInterfaceOrientationPortraitUpsideDown";
				IPHONEOS_DEPLOYMENT_TARGET = 16.0;
				LD_RUNPATH_SEARCH_PATHS = (
					"$(inherited)",
					"@executable_path/Frameworks",
				);
				MARKETING_VERSION = 1.0;
				PRODUCT_BUNDLE_IDENTIFIER = triathlon.Triathlon;
				PRODUCT_NAME = "$(TARGET_NAME)";
				SUPPORTED_PLATFORMS = "iphoneos iphonesimulator";
				SUPPORTS_MACCATALYST = NO;
				SWIFT_EMIT_LOC_STRINGS = YES;
				SWIFT_VERSION = 5.0;
				TARGETED_DEVICE_FAMILY = 1;
			};
			name = Release;
		};
/* End XCBuildConfiguration section */

/* Begin XCConfigurationList section */
		FBB89B7D2C10CC1400FBDF3B /* Build configuration list for PBXProject "Triathlon" */ = {
			isa = XCConfigurationList;
			buildConfigurations = (
				FBB89B942C10CC1500FBDF3B /* Debug */,
				FBB89B952C10CC1500FBDF3B /* Release */,
			);
			defaultConfigurationIsVisible = 0;
			defaultConfigurationName = Release;
		};
		FBB89B962C10CC1500FBDF3B /* Build configuration list for PBXNativeTarget "Triathlon" */ = {
			isa = XCConfigurationList;
			buildConfigurations = (
				FBB89B972C10CC1500FBDF3B /* Debug */,
				FBB89B982C10CC1500FBDF3B /* Release */,
			);
			defaultConfigurationIsVisible = 0;
			defaultConfigurationName = Release;
		};
/* End XCConfigurationList section */

/* Begin XCRemoteSwiftPackageReference section */
		FB1427092C185D7A00D94901 /* XCRemoteSwiftPackageReference "FSCalendar" */ = {
			isa = XCRemoteSwiftPackageReference;
			repositoryURL = "https://github.com/WenchaoD/FSCalendar.git";
			requirement = {
				kind = upToNextMajorVersion;
				minimumVersion = 2.8.4;
			};
		};
/* End XCRemoteSwiftPackageReference section */

/* Begin XCSwiftPackageProductDependency section */
		FB14270A2C185D7A00D94901 /* FSCalendar */ = {
			isa = XCSwiftPackageProductDependency;
			package = FB1427092C185D7A00D94901 /* XCRemoteSwiftPackageReference "FSCalendar" */;
			productName = FSCalendar;
		};
/* End XCSwiftPackageProductDependency section */
	};
	rootObject = FBB89B7A2C10CC1400FBDF3B /* Project object */;
}
